// !$*UTF8*$!
{
	archiveVersion = 1;
	classes = {
	};
	objectVersion = 46;
	objects = {

/* Begin PBXBuildFile section */
		CE5A5F3B1EF8C3D800FF9728 /* AppDelegate.swift in Sources */ = {isa = PBXBuildFile; fileRef = CE5A5F3A1EF8C3D800FF9728 /* AppDelegate.swift */; };
		CE5A5F3D1EF8C3D800FF9728 /* ViewController.swift in Sources */ = {isa = PBXBuildFile; fileRef = CE5A5F3C1EF8C3D800FF9728 /* ViewController.swift */; };
		CE5A5F401EF8C3D800FF9728 /* Main.storyboard in Resources */ = {isa = PBXBuildFile; fileRef = CE5A5F3E1EF8C3D800FF9728 /* Main.storyboard */; };
		CE5A5F421EF8C3D800FF9728 /* Assets.xcassets in Resources */ = {isa = PBXBuildFile; fileRef = CE5A5F411EF8C3D800FF9728 /* Assets.xcassets */; };
		CE5A5F451EF8C3D800FF9728 /* LaunchScreen.storyboard in Resources */ = {isa = PBXBuildFile; fileRef = CE5A5F431EF8C3D800FF9728 /* LaunchScreen.storyboard */; };
		CE5A5F4D1EF8D24800FF9728 /* pinasdAPI.swift in Sources */ = {isa = PBXBuildFile; fileRef = CE5A5F4C1EF8D24800FF9728 /* pinasdAPI.swift */; };
		CE5A5F751EF9050400FF9728 /* welcomeViewController.swift in Sources */ = {isa = PBXBuildFile; fileRef = CE5A5F741EF9050400FF9728 /* welcomeViewController.swift */; };
/* End PBXBuildFile section */

/* Begin PBXFileReference section */
		CE5A5F371EF8C3D800FF9728 /* MyApp03.app */ = {isa = PBXFileReference; explicitFileType = wrapper.application; includeInIndex = 0; path = MyApp03.app; sourceTree = BUILT_PRODUCTS_DIR; };
		CE5A5F3A1EF8C3D800FF9728 /* AppDelegate.swift */ = {isa = PBXFileReference; lastKnownFileType = sourcecode.swift; path = AppDelegate.swift; sourceTree = "<group>"; };
		CE5A5F3C1EF8C3D800FF9728 /* ViewController.swift */ = {isa = PBXFileReference; lastKnownFileType = sourcecode.swift; path = ViewController.swift; sourceTree = "<group>"; };
		CE5A5F3F1EF8C3D800FF9728 /* Base */ = {isa = PBXFileReference; lastKnownFileType = file.storyboard; name = Base; path = Base.lproj/Main.storyboard; sourceTree = "<group>"; };
		CE5A5F411EF8C3D800FF9728 /* Assets.xcassets */ = {isa = PBXFileReference; lastKnownFileType = folder.assetcatalog; path = Assets.xcassets; sourceTree = "<group>"; };
		CE5A5F441EF8C3D800FF9728 /* Base */ = {isa = PBXFileReference; lastKnownFileType = file.storyboard; name = Base; path = Base.lproj/LaunchScreen.storyboard; sourceTree = "<group>"; };
		CE5A5F461EF8C3D800FF9728 /* Info.plist */ = {isa = PBXFileReference; lastKnownFileType = text.plist.xml; path = Info.plist; sourceTree = "<group>"; };
		CE5A5F4C1EF8D24800FF9728 /* pinasdAPI.swift */ = {isa = PBXFileReference; fileEncoding = 4; lastKnownFileType = sourcecode.swift; path = pinasdAPI.swift; sourceTree = "<group>"; };
		CE5A5F741EF9050400FF9728 /* welcomeViewController.swift */ = {isa = PBXFileReference; fileEncoding = 4; lastKnownFileType = sourcecode.swift; path = welcomeViewController.swift; sourceTree = "<group>"; };
/* End PBXFileReference section */

/* Begin PBXFrameworksBuildPhase section */
		CE5A5F341EF8C3D800FF9728 /* Frameworks */ = {
			isa = PBXFrameworksBuildPhase;
			buildActionMask = 2147483647;
			files = (
			);
			runOnlyForDeploymentPostprocessing = 0;
		};
/* End PBXFrameworksBuildPhase section */

/* Begin PBXGroup section */
		CE5A5F2E1EF8C3D800FF9728 = {
			isa = PBXGroup;
			children = (
				CE5A5F391EF8C3D800FF9728 /* MyApp03 */,
				CE5A5F381EF8C3D800FF9728 /* Products */,
			);
			sourceTree = "<group>";
		};
		CE5A5F381EF8C3D800FF9728 /* Products */ = {
			isa = PBXGroup;
			children = (
				CE5A5F371EF8C3D800FF9728 /* MyApp03.app */,
			);
			name = Products;
			sourceTree = "<group>";
		};
		CE5A5F391EF8C3D800FF9728 /* MyApp03 */ = {
			isa = PBXGroup;
			children = (
				CE5A5F3A1EF8C3D800FF9728 /* AppDelegate.swift */,
				CE5A5F761EF906A900FF9728 /* images */,
				CE5A5F3C1EF8C3D800FF9728 /* ViewController.swift */,
				CE5A5F4C1EF8D24800FF9728 /* pinasdAPI.swift */,
				CE5A5F3E1EF8C3D800FF9728 /* Main.storyboard */,
				CE5A5F411EF8C3D800FF9728 /* Assets.xcassets */,
				CE5A5F431EF8C3D800FF9728 /* LaunchScreen.storyboard */,
				CE5A5F461EF8C3D800FF9728 /* Info.plist */,
				CE5A5F741EF9050400FF9728 /* welcomeViewController.swift */,
			);
			path = MyApp03;
			sourceTree = "<group>";
		};
		CE5A5F761EF906A900FF9728 /* images */ = {
			isa = PBXGroup;
			children = (
			);
			name = images;
			sourceTree = "<group>";
		};
/* End PBXGroup section */

/* Begin PBXNativeTarget section */
		CE5A5F361EF8C3D800FF9728 /* MyApp03 */ = {
			isa = PBXNativeTarget;
			buildConfigurationList = CE5A5F491EF8C3D800FF9728 /* Build configuration list for PBXNativeTarget "MyApp03" */;
			buildPhases = (
				CE5A5F331EF8C3D800FF9728 /* Sources */,
				CE5A5F341EF8C3D800FF9728 /* Frameworks */,
				CE5A5F351EF8C3D800FF9728 /* Resources */,
			);
			buildRules = (
			);
			dependencies = (
			);
			name = MyApp03;
			productName = MyApp03;
			productReference = CE5A5F371EF8C3D800FF9728 /* MyApp03.app */;
			productType = "com.apple.product-type.application";
		};
/* End PBXNativeTarget section */

/* Begin PBXProject section */
		CE5A5F2F1EF8C3D800FF9728 /* Project object */ = {
			isa = PBXProject;
			attributes = {
				LastSwiftUpdateCheck = 0830;
				LastUpgradeCheck = 0830;
				ORGANIZATIONNAME = user;
				TargetAttributes = {
					CE5A5F361EF8C3D800FF9728 = {
						CreatedOnToolsVersion = 8.3.3;
						ProvisioningStyle = Automatic;
					};
				};
			};
			buildConfigurationList = CE5A5F321EF8C3D800FF9728 /* Build configuration list for PBXProject "MyApp03" */;
			compatibilityVersion = "Xcode 3.2";
			developmentRegion = English;
			hasScannedForEncodings = 0;
			knownRegions = (
				en,
				Base,
			);
			mainGroup = CE5A5F2E1EF8C3D800FF9728;
			productRefGroup = CE5A5F381EF8C3D800FF9728 /* Products */;
			projectDirPath = "";
			projectRoot = "";
			targets = (
				CE5A5F361EF8C3D800FF9728 /* MyApp03 */,
			);
		};
/* End PBXProject section */

/* Begin PBXResourcesBuildPhase section */
		CE5A5F351EF8C3D800FF9728 /* Resources */ = {
			isa = PBXResourcesBuildPhase;
			buildActionMask = 2147483647;
			files = (
				CE5A5F451EF8C3D800FF9728 /* LaunchScreen.storyboard in Resources */,
				CE5A5F421EF8C3D800FF9728 /* Assets.xcassets in Resources */,
				CE5A5F401EF8C3D800FF9728 /* Main.storyboard in Resources */,
			);
			runOnlyForDeploymentPostprocessing = 0;
		};
/* End PBXResourcesBuildPhase section */

/* Begin PBXSourcesBuildPhase section */
		CE5A5F331EF8C3D800FF9728 /* Sources */ = {
			isa = PBXSourcesBuildPhase;
			buildActionMask = 2147483647;
			files = (
				CE5A5F3D1EF8C3D800FF9728 /* ViewController.swift in Sources */,
				CE5A5F751EF9050400FF9728 /* welcomeViewController.swift in Sources */,
				CE5A5F4D1EF8D24800FF9728 /* pinasdAPI.swift in Sources */,
				CE5A5F3B1EF8C3D800FF9728 /* AppDelegate.swift in Sources */,
			);
			runOnlyForDeploymentPostprocessing = 0;
		};
/* End PBXSourcesBuildPhase section */

/* Begin PBXVariantGroup section */
		CE5A5F3E1EF8C3D800FF9728 /* Main.storyboard */ = {
			isa = PBXVariantGroup;
			children = (
				CE5A5F3F1EF8C3D800FF9728 /* Base */,
			);
			name = Main.storyboard;
			sourceTree = "<group>";
		};
		CE5A5F431EF8C3D800FF9728 /* LaunchScreen.storyboard */ = {
			isa = PBXVariantGroup;
			children = (
				CE5A5F441EF8C3D800FF9728 /* Base */,
			);
			name = LaunchScreen.storyboard;
			sourceTree = "<group>";
		};
/* End PBXVariantGroup section */

/* Begin XCBuildConfiguration section */
		CE5A5F471EF8C3D800FF9728 /* Debug */ = {
			isa = XCBuildConfiguration;
			buildSettings = {
				ALWAYS_SEARCH_USER_PATHS = NO;
				CLANG_ANALYZER_NONNULL = YES;
				CLANG_ANALYZER_NUMBER_OBJECT_CONVERSION = YES_AGGRESSIVE;
				CLANG_CXX_LANGUAGE_STANDARD = "gnu++0x";
				CLANG_CXX_LIBRARY = "libc++";
				CLANG_ENABLE_MODULES = YES;
				CLANG_ENABLE_OBJC_ARC = YES;
				CLANG_WARN_BOOL_CONVERSION = YES;
				CLANG_WARN_CONSTANT_CONVERSION = YES;
				CLANG_WARN_DIRECT_OBJC_ISA_USAGE = YES_ERROR;
				CLANG_WARN_DOCUMENTATION_COMMENTS = YES;
				CLANG_WARN_EMPTY_BODY = YES;
				CLANG_WARN_ENUM_CONVERSION = YES;
				CLANG_WARN_INFINITE_RECURSION = YES;
				CLANG_WARN_INT_CONVERSION = YES;
				CLANG_WARN_OBJC_ROOT_CLASS = YES_ERROR;
				CLANG_WARN_SUSPICIOUS_MOVE = YES;
				CLANG_WARN_UNREACHABLE_CODE = YES;
				CLANG_WARN__DUPLICATE_METHOD_MATCH = YES;
				"CODE_SIGN_IDENTITY[sdk=iphoneos*]" = "iPhone Developer";
				COPY_PHASE_STRIP = NO;
				DEBUG_INFORMATION_FORMAT = dwarf;
				ENABLE_STRICT_OBJC_MSGSEND = YES;
				ENABLE_TESTABILITY = YES;
				GCC_C_LANGUAGE_STANDARD = gnu99;
				GCC_DYNAMIC_NO_PIC = NO;
				GCC_NO_COMMON_BLOCKS = YES;
				GCC_OPTIMIZATION_LEVEL = 0;
				GCC_PREPROCESSOR_DEFINITIONS = (
					"DEBUG=1",
					"$(inherited)",
				);
				GCC_WARN_64_TO_32_BIT_CONVERSION = YES;
				GCC_WARN_ABOUT_RETURN_TYPE = YES_ERROR;
				GCC_WARN_UNDECLARED_SELECTOR = YES;
				GCC_WARN_UNINITIALIZED_AUTOS = YES_AGGRESSIVE;
				GCC_WARN_UNUSED_FUNCTION = YES;
				GCC_WARN_UNUSED_VARIABLE = YES;
				IPHONEOS_DEPLOYMENT_TARGET = 10.3;
				MTL_ENABLE_DEBUG_INFO = YES;
				ONLY_ACTIVE_ARCH = YES;
				SDKROOT = iphoneos;
				SWIFT_ACTIVE_COMPILATION_CONDITIONS = DEBUG;
				SWIFT_OPTIMIZATION_LEVEL = "-Onone";
				TARGETED_DEVICE_FAMILY = "1,2";
			};
			name = Debug;
		};
		CE5A5F481EF8C3D800FF9728 /* Release */ = {
			isa = XCBuildConfiguration;
			buildSettings = {
				ALWAYS_SEARCH_USER_PATHS = NO;
				CLANG_ANALYZER_NONNULL = YES;
				CLANG_ANALYZER_NUMBER_OBJECT_CONVERSION = YES_AGGRESSIVE;
				CLANG_CXX_LANGUAGE_STANDARD = "gnu++0x";
				CLANG_CXX_LIBRARY = "libc++";
				CLANG_ENABLE_MODULES = YES;
				CLANG_ENABLE_OBJC_ARC = YES;
				CLANG_WARN_BOOL_CONVERSION = YES;
				CLANG_WARN_CONSTANT_CONVERSION = YES;
				CLANG_WARN_DIRECT_OBJC_ISA_USAGE = YES_ERROR;
				CLANG_WARN_DOCUMENTATION_COMMENTS = YES;
				CLANG_WARN_EMPTY_BODY = YES;
				CLANG_WARN_ENUM_CONVERSION = YES;
				CLANG_WARN_INFINITE_RECURSION = YES;
				CLANG_WARN_INT_CONVERSION = YES;
				CLANG_WARN_OBJC_ROOT_CLASS = YES_ERROR;
				CLANG_WARN_SUSPICIOUS_MOVE = YES;
				CLANG_WARN_UNREACHABLE_CODE = YES;
				CLANG_WARN__DUPLICATE_METHOD_MATCH = YES;
				"CODE_SIGN_IDENTITY[sdk=iphoneos*]" = "iPhone Developer";
				COPY_PHASE_STRIP = NO;
				DEBUG_INFORMATION_FORMAT = "dwarf-with-dsym";
				ENABLE_NS_ASSERTIONS = NO;
				ENABLE_STRICT_OBJC_MSGSEND = YES;
				GCC_C_LANGUAGE_STANDARD = gnu99;
				GCC_NO_COMMON_BLOCKS = YES;
				GCC_WARN_64_TO_32_BIT_CONVERSION = YES;
				GCC_WARN_ABOUT_RETURN_TYPE = YES_ERROR;
				GCC_WARN_UNDECLARED_SELECTOR = YES;
				GCC_WARN_UNINITIALIZED_AUTOS = YES_AGGRESSIVE;
				GCC_WARN_UNUSED_FUNCTION = YES;
				GCC_WARN_UNUSED_VARIABLE = YES;
				IPHONEOS_DEPLOYMENT_TARGET = 10.3;
				MTL_ENABLE_DEBUG_INFO = NO;
				SDKROOT = iphoneos;
				SWIFT_OPTIMIZATION_LEVEL = "-Owholemodule";
				TARGETED_DEVICE_FAMILY = "1,2";
				VALIDATE_PRODUCT = YES;
			};
			name = Release;
		};
		CE5A5F4A1EF8C3D800FF9728 /* Debug */ = {
			isa = XCBuildConfiguration;
			buildSettings = {
				ASSETCATALOG_COMPILER_APPICON_NAME = AppIcon;
				INFOPLIST_FILE = MyApp03/Info.plist;
				LD_RUNPATH_SEARCH_PATHS = "$(inherited) @executable_path/Frameworks";
				PRODUCT_BUNDLE_IDENTIFIER = tw.org.iii.MyApp03;
				PRODUCT_NAME = "$(TARGET_NAME)";
				SWIFT_VERSION = 3.0;
			};
			name = Debug;
		};
		CE5A5F4B1EF8C3D800FF9728 /* Release */ = {
			isa = XCBuildConfiguration;
			buildSettings = {
				ASSETCATALOG_COMPILER_APPICON_NAME = AppIcon;
				INFOPLIST_FILE = MyApp03/Info.plist;
				LD_RUNPATH_SEARCH_PATHS = "$(inherited) @executable_path/Frameworks";
				PRODUCT_BUNDLE_IDENTIFIER = tw.org.iii.MyApp03;
				PRODUCT_NAME = "$(TARGET_NAME)";
				SWIFT_VERSION = 3.0;
			};
			name = Release;
		};
/* End XCBuildConfiguration section */

/* Begin XCConfigurationList section */
		CE5A5F321EF8C3D800FF9728 /* Build configuration list for PBXProject "MyApp03" */ = {
			isa = XCConfigurationList;
			buildConfigurations = (
				CE5A5F471EF8C3D800FF9728 /* Debug */,
				CE5A5F481EF8C3D800FF9728 /* Release */,
			);
			defaultConfigurationIsVisible = 0;
			defaultConfigurationName = Release;
		};
		CE5A5F491EF8C3D800FF9728 /* Build configuration list for PBXNativeTarget "MyApp03" */ = {
			isa = XCConfigurationList;
			buildConfigurations = (
				CE5A5F4A1EF8C3D800FF9728 /* Debug */,
				CE5A5F4B1EF8C3D800FF9728 /* Release */,
			);
			defaultConfigurationIsVisible = 0;
		};
/* End XCConfigurationList section */
	};
	rootObject = CE5A5F2F1EF8C3D800FF9728 /* Project object */;
}
